
Microsoft Visual Studio Solution File, Format Version 12.00
# Visual Studio 15
VisualStudioVersion = 15.0.28307.779
MinimumVisualStudioVersion = 10.0.40219.1
Project("{FAE04EC0-301F-11D3-BF4B-00C04F79EFBC}") = "AKAssignment2", "AKAssignment2\AKAssignment2.csproj", "{B18EA058-C674-4DD5-87AA-2E0E78668D29}"
EndProject
Global
	GlobalSection(SolutionConfigurationPlatforms) = preSolution
		Debug|Any CPU = Debug|Any CPU
		Release|Any CPU = Release|Any CPU
	EndGlobalSection
	GlobalSection(ProjectConfigurationPlatforms) = postSolution
		{B18EA058-C674-4DD5-87AA-2E0E78668D29}.Debug|Any CPU.ActiveCfg = Debug|Any CPU
		{B18EA058-C674-4DD5-87AA-2E0E78668D29}.Debug|Any CPU.Build.0 = Debug|Any CPU
		{B18EA058-C674-4DD5-87AA-2E0E78668D29}.Release|Any CPU.ActiveCfg = Release|Any CPU
		{B18EA058-C674-4DD5-87AA-2E0E78668D29}.Release|Any CPU.Build.0 = Release|Any CPU
	EndGlobalSection
	GlobalSection(SolutionProperties) = preSolution
		HideSolutionNode = FALSE
	EndGlobalSection
	GlobalSection(ExtensibilityGlobals) = postSolution
		SolutionGuid = {7D06327E-B58A-43E5-9CE9-DE04DE4FE5F0}
	EndGlobalSection
EndGlobal
